{
  "file_header": "Purpose: Lock dependencies for the Functions app build. Persists: No persistence. Security Risks: None.",
  "name": "calcium-camera-functions",
  "lockfileVersion": 3,
  "requires": true,
  "packages": {
    "": {
      "name": "calcium-camera-functions",
      "version": "0.1.0",
      "dependencies": {
        "@azure/functions": "^4.4.0",
        "openai": "^4.86.2"
      },
      "devDependencies": {
        "@types/node": "^20.11.25",
        "@typescript-eslint/eslint-plugin": "^7.3.1",
        "@typescript-eslint/parser": "^7.3.1",
        "eslint": "^8.57.0",
        "typescript": "^5.3.3"
      }
    }
  }
}
